{
  "lockfile_version": "1",
  "packages": {
    "asdf@latest": {
      "last_modified": "2025-10-07T08:41:47Z",
      "resolved": "github:NixOS/nixpkgs/bce5fe2bb998488d8e7e7856315f90496723793c#asdf",
      "source": "devbox-search",
      "version": "3.3.4",
      "systems": {
        "aarch64-darwin": {
          "outputs": [
            {
              "name": "out",
              "path": "/nix/store/6ifpl1pw53bkw0xv1kq5jabp0dyxyacj-asdf-3.3.4",
              "default": true
            }
          ],
          "store_path": "/nix/store/6ifpl1pw53bkw0xv1kq5jabp0dyxyacj-asdf-3.3.4"
        },
        "aarch64-linux": {
          "outputs": [
            {
              "name": "out",
              "path": "/nix/store/a3ppxsj0j6pwkjw5b0v7hawa99z4vpv3-asdf-3.3.4",
              "default": true
            }
          ],
          "store_path": "/nix/store/a3ppxsj0j6pwkjw5b0v7hawa99z4vpv3-asdf-3.3.4"
        },
        "x86_64-darwin": {
          "outputs": [
            {
              "name": "out",
              "path": "/nix/store/kq8zid92138d6dpkj8cx0afv56l265jp-asdf-3.3.4",
              "default": true
            }
          ],
          "store_path": "/nix/store/kq8zid92138d6dpkj8cx0afv56l265jp-asdf-3.3.4"
        },
        "x86_64-linux": {
          "outputs": [
            {
              "name": "out",
              "path": "/nix/store/1rwc4y4vcmbd6bdnb48553fkghxam0li-asdf-3.3.4",
              "default": true
            }
          ],
          "store_path": "/nix/store/1rwc4y4vcmbd6bdnb48553fkghxam0li-asdf-3.3.4"
        }
      }
    },
    "github:NixOS/nixpkgs/nixpkgs-unstable": {
      "last_modified": "2025-10-15T12:59:37Z",
      "resolved": "github:NixOS/nixpkgs/35f590344ff791e6b1d6d6b8f3523467c9217caf?lastModified=1760533177&narHash=sha256-OwM1sFustLHx%2BxmTymhucZuNhtq98fHIbfO8Swm5L8A%3D"
    },
    "shellcheck@latest": {
      "last_modified": "2025-10-07T08:41:47Z",
      "resolved": "github:NixOS/nixpkgs/bce5fe2bb998488d8e7e7856315f90496723793c#shellcheck",
      "source": "devbox-search",
      "version": "0.11.0",
      "systems": {
        "aarch64-darwin": {
          "outputs": [
            {
              "name": "bin",
              "path": "/nix/store/r0w1y7il93q8frhxcwi8aycgsm5adbxy-shellcheck-0.11.0-bin",
              "default": true
            },
            {
              "name": "man",
              "path": "/nix/store/sbaqz2dmsyzyh98h0da4lgmvccdg2x9b-shellcheck-0.11.0-man",
              "default": true
            },
            {
              "name": "doc",
              "path": "/nix/store/71w04lv3d2jzk5ih6s597xjzfidzbin1-shellcheck-0.11.0-doc",
              "default": true
            },
            {
              "name": "out",
              "path": "/nix/store/mdqsxcdxvm2sz132dslsz52v35fhrwic-shellcheck-0.11.0"
            }
          ],
          "store_path": "/nix/store/r0w1y7il93q8frhxcwi8aycgsm5adbxy-shellcheck-0.11.0-bin"
        },
        "aarch64-linux": {
          "outputs": [
            {
              "name": "bin",
              "path": "/nix/store/v55ckpsljfz6q8a8ak4bf29nz1prkb0l-shellcheck-0.11.0-bin",
              "default": true
            },
            {
              "name": "man",
              "path": "/nix/store/zrf5hixy8hjbalvgc0v6p8gyzdblm5iq-shellcheck-0.11.0-man",
              "default": true
            },
            {
              "name": "doc",
              "path": "/nix/store/lysi2f6x2dknvaszdql98c3wxhj16zxi-shellcheck-0.11.0-doc",
              "default": true
            },
            {
              "name": "out",
              "path": "/nix/store/n9hsi3hbxghrjxqygrammc10rhsjv98n-shellcheck-0.11.0"
            }
          ],
          "store_path": "/nix/store/v55ckpsljfz6q8a8ak4bf29nz1prkb0l-shellcheck-0.11.0-bin"
        },
        "x86_64-darwin": {
          "outputs": [
            {
              "name": "bin",
              "path": "/nix/store/szpr8mnviiwf4wfhy5iawpl7vpalmyd0-shellcheck-0.11.0-bin",
              "default": true
            },
            {
              "name": "man",
              "path": "/nix/store/z5f2qc8ghjfjmia7yfvfqhxgbr2jvmng-shellcheck-0.11.0-man",
              "default": true
            },
            {
              "name": "doc",
              "path": "/nix/store/mi8zw9a9a973hvla0fnblahvqqgnpas7-shellcheck-0.11.0-doc",
              "default": true
            },
            {
              "name": "out",
              "path": "/nix/store/x1vgi1gxcgvih69k9gbw7wb3h8lphz06-shellcheck-0.11.0"
            }
          ],
          "store_path": "/nix/store/szpr8mnviiwf4wfhy5iawpl7vpalmyd0-shellcheck-0.11.0-bin"
        },
        "x86_64-linux": {
          "outputs": [
            {
              "name": "bin",
              "path": "/nix/store/vi57yivr3bgqg4b72il2yqv2x7x4qn7v-shellcheck-0.11.0-bin",
              "default": true
            },
            {
              "name": "man",
              "path": "/nix/store/riv61d1wih6psl4qj9a73nj54bgjy7pl-shellcheck-0.11.0-man",
              "default": true
            },
            {
              "name": "doc",
              "path": "/nix/store/rwnyiaincy1sja6chmy0dc89k9vm1mfz-shellcheck-0.11.0-doc",
              "default": true
            },
            {
              "name": "out",
              "path": "/nix/store/anr15z39i15hapgndmalbpg5xyxzfrkr-shellcheck-0.11.0"
            }
          ],
          "store_path": "/nix/store/vi57yivr3bgqg4b72il2yqv2x7x4qn7v-shellcheck-0.11.0-bin"
        }
      }
    },
    "shfmt@latest": {
      "last_modified": "2025-10-07T08:41:47Z",
      "resolved": "github:NixOS/nixpkgs/bce5fe2bb998488d8e7e7856315f90496723793c#shfmt",
      "source": "devbox-search",
      "version": "3.12.0",
      "systems": {
        "aarch64-darwin": {
          "outputs": [
            {
              "name": "out",
              "path": "/nix/store/xh6b8ybjldzlpmavq590fmh7bm5373yc-shfmt-3.12.0",
              "default": true
            }
          ],
          "store_path": "/nix/store/xh6b8ybjldzlpmavq590fmh7bm5373yc-shfmt-3.12.0"
        },
        "aarch64-linux": {
          "outputs": [
            {
              "name": "out",
              "path": "/nix/store/3q85hxjask2fvk5azwg4g2gbiw773v1r-shfmt-3.12.0",
              "default": true
            }
          ],
          "store_path": "/nix/store/3q85hxjask2fvk5azwg4g2gbiw773v1r-shfmt-3.12.0"
        },
        "x86_64-darwin": {
          "outputs": [
            {
              "name": "out",
              "path": "/nix/store/6qzwwqi4di7cd4shdmi451mnhbq2bv1j-shfmt-3.12.0",
              "default": true
            }
          ],
          "store_path": "/nix/store/6qzwwqi4di7cd4shdmi451mnhbq2bv1j-shfmt-3.12.0"
        },
        "x86_64-linux": {
          "outputs": [
            {
              "name": "out",
              "path": "/nix/store/5sb3kw3ll26xz84dpfpk78s2fhaw8vpp-shfmt-3.12.0",
              "default": true
            }
          ],
          "store_path": "/nix/store/5sb3kw3ll26xz84dpfpk78s2fhaw8vpp-shfmt-3.12.0"
        }
      }
    }
  }
}
